Microsoft Visual Studio Solution File, Format Version 11.00
# Visual Studio 2008

Project("{EB277B63-E1FC-1E73-C676-5403894C8EB7}") = "SemesterChatbot", "Assembly-CSharp-vs.csproj", "{5375D31C-D14D-C182-7400-88AD77983289}"
EndProject
Project("{EB277B63-E1FC-1E73-C676-5403894C8EB7}") = "SemesterChatbot", "Assembly-CSharp-Editor-vs.csproj", "{C9CD3391-0475-8B73-7477-454660821297}"
EndProject
Global
	GlobalSection(SolutionConfigurationPlatforms) = preSolution
		Debug|Any CPU = Debug|Any CPU
		Release|Any CPU = Release|Any CPU
	EndGlobalSection
	GlobalSection(ProjectConfigurationPlatforms) = postSolution
		{5375D31C-D14D-C182-7400-88AD77983289}.Debug|Any CPU.ActiveCfg = Debug|Any CPU
		{5375D31C-D14D-C182-7400-88AD77983289}.Debug|Any CPU.Build.0 = Debug|Any CPU
		{5375D31C-D14D-C182-7400-88AD77983289}.Release|Any CPU.ActiveCfg = Release|Any CPU
		{5375D31C-D14D-C182-7400-88AD77983289}.Release|Any CPU.Build.0 = Release|Any CPU
		{C9CD3391-0475-8B73-7477-454660821297}.Debug|Any CPU.ActiveCfg = Debug|Any CPU
		{C9CD3391-0475-8B73-7477-454660821297}.Debug|Any CPU.Build.0 = Debug|Any CPU
		{C9CD3391-0475-8B73-7477-454660821297}.Release|Any CPU.ActiveCfg = Release|Any CPU
		{C9CD3391-0475-8B73-7477-454660821297}.Release|Any CPU.Build.0 = Release|Any CPU
	EndGlobalSection
	GlobalSection(SolutionProperties) = preSolution
		HideSolutionNode = FALSE
	EndGlobalSection
																																																																																																												GlobalSection(MonoDevelopProperties) = preSolution
		StartupItem = Assembly-CSharp.csproj
		Policies = $0
		$0.TextStylePolicy = $1
		$1.inheritsSet = null
		$1.scope = text/x-csharp
		$0.CSharpFormattingPolicy = $2
		$2.inheritsSet = Mono
		$2.inheritsScope = text/x-csharp
		$2.scope = text/x-csharp
		$0.TextStylePolicy = $3
		$3.FileWidth = 120
		$3.TabWidth = 4
		$3.IndentWidth = 4
		$3.EolMarker = Unix
		$3.inheritsSet = Mono
		$3.inheritsScope = text/plain
		$3.scope = text/plain
	EndGlobalSection

EndGlobal
